# Lockfile v4
# This file is automatically generated by Wapm.
# It is not intended for manual editing. The schema of this file may change.
[modules."bored/bored"."1.0.0".bored]
name = "bored"
package_version = "1.0.0"
package_name = "bored/bored"
package_path = "bored/bored@1.0.0"
resolved = "local"
resolved_source = "local"
abi = "emscripten"
source = "bored.wasm"
[commands.bb]
name = "bb"
package_name = "bored/bored"
package_version = "1.0.0"
module = "bored"
is_top_level_dependency = true
